
Microsoft Visual Studio Solution File, Format Version 12.00
# Visual Studio Version 16
VisualStudioVersion = 16.0.29613.14
MinimumVisualStudioVersion = 10.0.40219.1
Project("{9A19103F-16F7-4668-BE54-9A1E7A4F7556}") = "BMS", "WebApplication1\BMS.csproj", "{1EDAD36B-492A-4CE2-AE0F-0B142637C590}"
EndProject
Global
	GlobalSection(SolutionConfigurationPlatforms) = preSolution
		Debug|Any CPU = Debug|Any CPU
		Release|Any CPU = Release|Any CPU
	EndGlobalSection
	GlobalSection(ProjectConfigurationPlatforms) = postSolution
		{1EDAD36B-492A-4CE2-AE0F-0B142637C590}.Debug|Any CPU.ActiveCfg = Debug|Any CPU
		{1EDAD36B-492A-4CE2-AE0F-0B142637C590}.Debug|Any CPU.Build.0 = Debug|Any CPU
		{1EDAD36B-492A-4CE2-AE0F-0B142637C590}.Release|Any CPU.ActiveCfg = Release|Any CPU
		{1EDAD36B-492A-4CE2-AE0F-0B142637C590}.Release|Any CPU.Build.0 = Release|Any CPU
	EndGlobalSection
	GlobalSection(SolutionProperties) = preSolution
		HideSolutionNode = FALSE
	EndGlobalSection
	GlobalSection(ExtensibilityGlobals) = postSolution
		SolutionGuid = {A8641A3D-662C-4F30-B631-F9673624868C}
	EndGlobalSection
EndGlobal
